
Microsoft Visual Studio Solution File, Format Version 12.00
# Visual Studio Version 17
VisualStudioVersion = 17.7.34031.279
MinimumVisualStudioVersion = 10.0.40219.1
Project("{8BC9CEB8-8B4A-11D0-8D11-00A0C91BC942}") = "EjercicioVector", "EjercicioVector\EjercicioVector.vcxproj", "{CDC90E66-A25E-49D9-81EE-B8031729A52E}"
EndProject
Global
	GlobalSection(SolutionConfigurationPlatforms) = preSolution
		Debug|x64 = Debug|x64
		Debug|x86 = Debug|x86
		Release|x64 = Release|x64
		Release|x86 = Release|x86
	EndGlobalSection
	GlobalSection(ProjectConfigurationPlatforms) = postSolution
		{CDC90E66-A25E-49D9-81EE-B8031729A52E}.Debug|x64.ActiveCfg = Debug|x64
		{CDC90E66-A25E-49D9-81EE-B8031729A52E}.Debug|x64.Build.0 = Debug|x64
		{CDC90E66-A25E-49D9-81EE-B8031729A52E}.Debug|x86.ActiveCfg = Debug|Win32
		{CDC90E66-A25E-49D9-81EE-B8031729A52E}.Debug|x86.Build.0 = Debug|Win32
		{CDC90E66-A25E-49D9-81EE-B8031729A52E}.Release|x64.ActiveCfg = Release|x64
		{CDC90E66-A25E-49D9-81EE-B8031729A52E}.Release|x64.Build.0 = Release|x64
		{CDC90E66-A25E-49D9-81EE-B8031729A52E}.Release|x86.ActiveCfg = Release|Win32
		{CDC90E66-A25E-49D9-81EE-B8031729A52E}.Release|x86.Build.0 = Release|Win32
	EndGlobalSection
	GlobalSection(SolutionProperties) = preSolution
		HideSolutionNode = FALSE
	EndGlobalSection
	GlobalSection(ExtensibilityGlobals) = postSolution
		SolutionGuid = {08E6156A-4510-4A14-A756-B8785EAFF034}
	EndGlobalSection
EndGlobal
